
Microsoft Visual Studio Solution File, Format Version 12.00
# Visual Studio Version 17
VisualStudioVersion = 17.7.34031.279
MinimumVisualStudioVersion = 10.0.40219.1
Project("{FAE04EC0-301F-11D3-BF4B-00C04F79EFBC}") = "ASEproject", "ASEproject\ASEproject.csproj", "{A7B70CFE-FC5B-4A83-BC1D-49CC21BCE679}"
EndProject
Project("{FAE04EC0-301F-11D3-BF4B-00C04F79EFBC}") = "aseTest", "aseTest\aseTest.csproj", "{10632DEC-BC98-4C7F-AB89-C95C77AAE84E}"
EndProject
Global
	GlobalSection(SolutionConfigurationPlatforms) = preSolution
		Debug|Any CPU = Debug|Any CPU
		Release|Any CPU = Release|Any CPU
	EndGlobalSection
	GlobalSection(ProjectConfigurationPlatforms) = postSolution
		{A7B70CFE-FC5B-4A83-BC1D-49CC21BCE679}.Debug|Any CPU.ActiveCfg = Debug|Any CPU
		{A7B70CFE-FC5B-4A83-BC1D-49CC21BCE679}.Debug|Any CPU.Build.0 = Debug|Any CPU
		{A7B70CFE-FC5B-4A83-BC1D-49CC21BCE679}.Release|Any CPU.ActiveCfg = Release|Any CPU
		{A7B70CFE-FC5B-4A83-BC1D-49CC21BCE679}.Release|Any CPU.Build.0 = Release|Any CPU
		{10632DEC-BC98-4C7F-AB89-C95C77AAE84E}.Debug|Any CPU.ActiveCfg = Debug|Any CPU
		{10632DEC-BC98-4C7F-AB89-C95C77AAE84E}.Debug|Any CPU.Build.0 = Debug|Any CPU
		{10632DEC-BC98-4C7F-AB89-C95C77AAE84E}.Release|Any CPU.ActiveCfg = Release|Any CPU
		{10632DEC-BC98-4C7F-AB89-C95C77AAE84E}.Release|Any CPU.Build.0 = Release|Any CPU
	EndGlobalSection
	GlobalSection(SolutionProperties) = preSolution
		HideSolutionNode = FALSE
	EndGlobalSection
	GlobalSection(ExtensibilityGlobals) = postSolution
		SolutionGuid = {F6A76724-7805-4C76-9FCD-4AA8C7154CDC}
	EndGlobalSection
EndGlobal
